// !$*UTF8*$!
{
	archiveVersion = 1;
	classes = {
	};
	objectVersion = 50;
	objects = {

/* Begin PBXBuildFile section */
		16953BC026B045FC00B5C715 /* AppDelegate.swift in Sources */ = {isa = PBXBuildFile; fileRef = 16953BBF26B045FC00B5C715 /* AppDelegate.swift */; };
		16953BC226B045FC00B5C715 /* SceneDelegate.swift in Sources */ = {isa = PBXBuildFile; fileRef = 16953BC126B045FC00B5C715 /* SceneDelegate.swift */; };
		16953BC426B045FC00B5C715 /* ViewController.swift in Sources */ = {isa = PBXBuildFile; fileRef = 16953BC326B045FC00B5C715 /* ViewController.swift */; };
		16953BC726B045FC00B5C715 /* Main.storyboard in Resources */ = {isa = PBXBuildFile; fileRef = 16953BC526B045FC00B5C715 /* Main.storyboard */; };
		16953BCA26B045FC00B5C715 /* CoreDataQuickStart.xcdatamodeld in Sources */ = {isa = PBXBuildFile; fileRef = 16953BC826B045FC00B5C715 /* CoreDataQuickStart.xcdatamodeld */; };
		16953BCC26B045FD00B5C715 /* Assets.xcassets in Resources */ = {isa = PBXBuildFile; fileRef = 16953BCB26B045FD00B5C715 /* Assets.xcassets */; };
		16953BCF26B045FD00B5C715 /* LaunchScreen.storyboard in Resources */ = {isa = PBXBuildFile; fileRef = 16953BCD26B045FD00B5C715 /* LaunchScreen.storyboard */; };
		169BB4CC26B386FA00294DFC /* Person+CoreDataClass.swift in Sources */ = {isa = PBXBuildFile; fileRef = 169BB4CA26B386FA00294DFC /* Person+CoreDataClass.swift */; };
		169BB4CD26B386FA00294DFC /* Person+CoreDataProperties.swift in Sources */ = {isa = PBXBuildFile; fileRef = 169BB4CB26B386FA00294DFC /* Person+CoreDataProperties.swift */; };
/* End PBXBuildFile section */

/* Begin PBXFileReference section */
		16953BBC26B045FC00B5C715 /* CoreDataQuickStart.app */ = {isa = PBXFileReference; explicitFileType = wrapper.application; includeInIndex = 0; path = CoreDataQuickStart.app; sourceTree = BUILT_PRODUCTS_DIR; };
		16953BBF26B045FC00B5C715 /* AppDelegate.swift */ = {isa = PBXFileReference; lastKnownFileType = sourcecode.swift; path = AppDelegate.swift; sourceTree = "<group>"; };
		16953BC126B045FC00B5C715 /* SceneDelegate.swift */ = {isa = PBXFileReference; lastKnownFileType = sourcecode.swift; path = SceneDelegate.swift; sourceTree = "<group>"; };
		16953BC326B045FC00B5C715 /* ViewController.swift */ = {isa = PBXFileReference; lastKnownFileType = sourcecode.swift; path = ViewController.swift; sourceTree = "<group>"; };
		16953BC626B045FC00B5C715 /* Base */ = {isa = PBXFileReference; lastKnownFileType = file.storyboard; name = Base; path = Base.lproj/Main.storyboard; sourceTree = "<group>"; };
		16953BC926B045FC00B5C715 /* CoreDataQuickStart.xcdatamodel */ = {isa = PBXFileReference; lastKnownFileType = wrapper.xcdatamodel; path = CoreDataQuickStart.xcdatamodel; sourceTree = "<group>"; };
		16953BCB26B045FD00B5C715 /* Assets.xcassets */ = {isa = PBXFileReference; lastKnownFileType = folder.assetcatalog; path = Assets.xcassets; sourceTree = "<group>"; };
		16953BCE26B045FD00B5C715 /* Base */ = {isa = PBXFileReference; lastKnownFileType = file.storyboard; name = Base; path = Base.lproj/LaunchScreen.storyboard; sourceTree = "<group>"; };
		16953BD026B045FD00B5C715 /* Info.plist */ = {isa = PBXFileReference; lastKnownFileType = text.plist.xml; path = Info.plist; sourceTree = "<group>"; };
		169BB4CA26B386FA00294DFC /* Person+CoreDataClass.swift */ = {isa = PBXFileReference; lastKnownFileType = sourcecode.swift; path = "Person+CoreDataClass.swift"; sourceTree = "<group>"; };
		169BB4CB26B386FA00294DFC /* Person+CoreDataProperties.swift */ = {isa = PBXFileReference; lastKnownFileType = sourcecode.swift; path = "Person+CoreDataProperties.swift"; sourceTree = "<group>"; };
/* End PBXFileReference section */

/* Begin PBXFrameworksBuildPhase section */
		16953BB926B045FC00B5C715 /* Frameworks */ = {
			isa = PBXFrameworksBuildPhase;
			buildActionMask = 2147483647;
			files = (
			);
			runOnlyForDeploymentPostprocessing = 0;
		};
/* End PBXFrameworksBuildPhase section */

/* Begin PBXGroup section */
		16953BB326B045FC00B5C715 = {
			isa = PBXGroup;
			children = (
				16953BBE26B045FC00B5C715 /* CoreDataQuickStart */,
				16953BBD26B045FC00B5C715 /* Products */,
			);
			sourceTree = "<group>";
		};
		16953BBD26B045FC00B5C715 /* Products */ = {
			isa = PBXGroup;
			children = (
				16953BBC26B045FC00B5C715 /* CoreDataQuickStart.app */,
			);
			name = Products;
			sourceTree = "<group>";
		};
		16953BBE26B045FC00B5C715 /* CoreDataQuickStart */ = {
			isa = PBXGroup;
			children = (
				169BB4CE26B3871400294DFC /* Model */,
				16953BBF26B045FC00B5C715 /* AppDelegate.swift */,
				16953BC126B045FC00B5C715 /* SceneDelegate.swift */,
				16953BC326B045FC00B5C715 /* ViewController.swift */,
				16953BC526B045FC00B5C715 /* Main.storyboard */,
				16953BCB26B045FD00B5C715 /* Assets.xcassets */,
				16953BCD26B045FD00B5C715 /* LaunchScreen.storyboard */,
				16953BD026B045FD00B5C715 /* Info.plist */,
				16953BC826B045FC00B5C715 /* CoreDataQuickStart.xcdatamodeld */,
			);
			path = CoreDataQuickStart;
			sourceTree = "<group>";
		};
		169BB4CE26B3871400294DFC /* Model */ = {
			isa = PBXGroup;
			children = (
				169BB4CB26B386FA00294DFC /* Person+CoreDataProperties.swift */,
				169BB4CA26B386FA00294DFC /* Person+CoreDataClass.swift */,
			);
			path = Model;
			sourceTree = "<group>";
		};
/* End PBXGroup section */

/* Begin PBXNativeTarget section */
		16953BBB26B045FC00B5C715 /* CoreDataQuickStart */ = {
			isa = PBXNativeTarget;
			buildConfigurationList = 16953BD326B045FD00B5C715 /* Build configuration list for PBXNativeTarget "CoreDataQuickStart" */;
			buildPhases = (
				16953BB826B045FC00B5C715 /* Sources */,
				16953BB926B045FC00B5C715 /* Frameworks */,
				16953BBA26B045FC00B5C715 /* Resources */,
			);
			buildRules = (
			);
			dependencies = (
			);
			name = CoreDataQuickStart;
			productName = CoreDataQuickStart;
			productReference = 16953BBC26B045FC00B5C715 /* CoreDataQuickStart.app */;
			productType = "com.apple.product-type.application";
		};
/* End PBXNativeTarget section */

/* Begin PBXProject section */
		16953BB426B045FC00B5C715 /* Project object */ = {
			isa = PBXProject;
			attributes = {
				LastSwiftUpdateCheck = 1250;
				LastUpgradeCheck = 1250;
				TargetAttributes = {
					16953BBB26B045FC00B5C715 = {
						CreatedOnToolsVersion = 12.5.1;
					};
				};
			};
			buildConfigurationList = 16953BB726B045FC00B5C715 /* Build configuration list for PBXProject "CoreDataQuickStart" */;
			compatibilityVersion = "Xcode 9.3";
			developmentRegion = en;
			hasScannedForEncodings = 0;
			knownRegions = (
				en,
				Base,
			);
			mainGroup = 16953BB326B045FC00B5C715;
			productRefGroup = 16953BBD26B045FC00B5C715 /* Products */;
			projectDirPath = "";
			projectRoot = "";
			targets = (
				16953BBB26B045FC00B5C715 /* CoreDataQuickStart */,
			);
		};
/* End PBXProject section */

/* Begin PBXResourcesBuildPhase section */
		16953BBA26B045FC00B5C715 /* Resources */ = {
			isa = PBXResourcesBuildPhase;
			buildActionMask = 2147483647;
			files = (
				16953BCF26B045FD00B5C715 /* LaunchScreen.storyboard in Resources */,
				16953BCC26B045FD00B5C715 /* Assets.xcassets in Resources */,
				16953BC726B045FC00B5C715 /* Main.storyboard in Resources */,
			);
			runOnlyForDeploymentPostprocessing = 0;
		};
/* End PBXResourcesBuildPhase section */

/* Begin PBXSourcesBuildPhase section */
		16953BB826B045FC00B5C715 /* Sources */ = {
			isa = PBXSourcesBuildPhase;
			buildActionMask = 2147483647;
			files = (
				16953BC426B045FC00B5C715 /* ViewController.swift in Sources */,
				16953BCA26B045FC00B5C715 /* CoreDataQuickStart.xcdatamodeld in Sources */,
				169BB4CD26B386FA00294DFC /* Person+CoreDataProperties.swift in Sources */,
				169BB4CC26B386FA00294DFC /* Person+CoreDataClass.swift in Sources */,
				16953BC026B045FC00B5C715 /* AppDelegate.swift in Sources */,
				16953BC226B045FC00B5C715 /* SceneDelegate.swift in Sources */,
			);
			runOnlyForDeploymentPostprocessing = 0;
		};
/* End PBXSourcesBuildPhase section */

/* Begin PBXVariantGroup section */
		16953BC526B045FC00B5C715 /* Main.storyboard */ = {
			isa = PBXVariantGroup;
			children = (
				16953BC626B045FC00B5C715 /* Base */,
			);
			name = Main.storyboard;
			sourceTree = "<group>";
		};
		16953BCD26B045FD00B5C715 /* LaunchScreen.storyboard */ = {
			isa = PBXVariantGroup;
			children = (
				16953BCE26B045FD00B5C715 /* Base */,
			);
			name = LaunchScreen.storyboard;
			sourceTree = "<group>";
		};
/* End PBXVariantGroup section */

/* Begin XCBuildConfiguration section */
		16953BD126B045FD00B5C715 /* Debug */ = {
			isa = XCBuildConfiguration;
			buildSettings = {
				ALWAYS_SEARCH_USER_PATHS = NO;
				CLANG_ANALYZER_NONNULL = YES;
				CLANG_ANALYZER_NUMBER_OBJECT_CONVERSION = YES_AGGRESSIVE;
				CLANG_CXX_LANGUAGE_STANDARD = "gnu++14";
				CLANG_CXX_LIBRARY = "libc++";
				CLANG_ENABLE_MODULES = YES;
				CLANG_ENABLE_OBJC_ARC = YES;
				CLANG_ENABLE_OBJC_WEAK = YES;
				CLANG_WARN_BLOCK_CAPTURE_AUTORELEASING = YES;
				CLANG_WARN_BOOL_CONVERSION = YES;
				CLANG_WARN_COMMA = YES;
				CLANG_WARN_CONSTANT_CONVERSION = YES;
				CLANG_WARN_DEPRECATED_OBJC_IMPLEMENTATIONS = YES;
				CLANG_WARN_DIRECT_OBJC_ISA_USAGE = YES_ERROR;
				CLANG_WARN_DOCUMENTATION_COMMENTS = YES;
				CLANG_WARN_EMPTY_BODY = YES;
				CLANG_WARN_ENUM_CONVERSION = YES;
				CLANG_WARN_INFINITE_RECURSION = YES;
				CLANG_WARN_INT_CONVERSION = YES;
				CLANG_WARN_NON_LITERAL_NULL_CONVERSION = YES;
				CLANG_WARN_OBJC_IMPLICIT_RETAIN_SELF = YES;
				CLANG_WARN_OBJC_LITERAL_CONVERSION = YES;
				CLANG_WARN_OBJC_ROOT_CLASS = YES_ERROR;
				CLANG_WARN_QUOTED_INCLUDE_IN_FRAMEWORK_HEADER = YES;
				CLANG_WARN_RANGE_LOOP_ANALYSIS = YES;
				CLANG_WARN_STRICT_PROTOTYPES = YES;
				CLANG_WARN_SUSPICIOUS_MOVE = YES;
				CLANG_WARN_UNGUARDED_AVAILABILITY = YES_AGGRESSIVE;
				CLANG_WARN_UNREACHABLE_CODE = YES;
				CLANG_WARN__DUPLICATE_METHOD_MATCH = YES;
				COPY_PHASE_STRIP = NO;
				DEBUG_INFORMATION_FORMAT = dwarf;
				ENABLE_STRICT_OBJC_MSGSEND = YES;
				ENABLE_TESTABILITY = YES;
				GCC_C_LANGUAGE_STANDARD = gnu11;
				GCC_DYNAMIC_NO_PIC = NO;
				GCC_NO_COMMON_BLOCKS = YES;
				GCC_OPTIMIZATION_LEVEL = 0;
				GCC_PREPROCESSOR_DEFINITIONS = (
					"DEBUG=1",
					"$(inherited)",
				);
				GCC_WARN_64_TO_32_BIT_CONVERSION = YES;
				GCC_WARN_ABOUT_RETURN_TYPE = YES_ERROR;
				GCC_WARN_UNDECLARED_SELECTOR = YES;
				GCC_WARN_UNINITIALIZED_AUTOS = YES_AGGRESSIVE;
				GCC_WARN_UNUSED_FUNCTION = YES;
				GCC_WARN_UNUSED_VARIABLE = YES;
				IPHONEOS_DEPLOYMENT_TARGET = 14.5;
				MTL_ENABLE_DEBUG_INFO = INCLUDE_SOURCE;
				MTL_FAST_MATH = YES;
				ONLY_ACTIVE_ARCH = YES;
				SDKROOT = iphoneos;
				SWIFT_ACTIVE_COMPILATION_CONDITIONS = DEBUG;
				SWIFT_OPTIMIZATION_LEVEL = "-Onone";
			};
			name = Debug;
		};
		16953BD226B045FD00B5C715 /* Release */ = {
			isa = XCBuildConfiguration;
			buildSettings = {
				ALWAYS_SEARCH_USER_PATHS = NO;
				CLANG_ANALYZER_NONNULL = YES;
				CLANG_ANALYZER_NUMBER_OBJECT_CONVERSION = YES_AGGRESSIVE;
				CLANG_CXX_LANGUAGE_STANDARD = "gnu++14";
				CLANG_CXX_LIBRARY = "libc++";
				CLANG_ENABLE_MODULES = YES;
				CLANG_ENABLE_OBJC_ARC = YES;
				CLANG_ENABLE_OBJC_WEAK = YES;
				CLANG_WARN_BLOCK_CAPTURE_AUTORELEASING = YES;
				CLANG_WARN_BOOL_CONVERSION = YES;
				CLANG_WARN_COMMA = YES;
				CLANG_WARN_CONSTANT_CONVERSION = YES;
				CLANG_WARN_DEPRECATED_OBJC_IMPLEMENTATIONS = YES;
				CLANG_WARN_DIRECT_OBJC_ISA_USAGE = YES_ERROR;
				CLANG_WARN_DOCUMENTATION_COMMENTS = YES;
				CLANG_WARN_EMPTY_BODY = YES;
				CLANG_WARN_ENUM_CONVERSION = YES;
				CLANG_WARN_INFINITE_RECURSION = YES;
				CLANG_WARN_INT_CONVERSION = YES;
				CLANG_WARN_NON_LITERAL_NULL_CONVERSION = YES;
				CLANG_WARN_OBJC_IMPLICIT_RETAIN_SELF = YES;
				CLANG_WARN_OBJC_LITERAL_CONVERSION = YES;
				CLANG_WARN_OBJC_ROOT_CLASS = YES_ERROR;
				CLANG_WARN_QUOTED_INCLUDE_IN_FRAMEWORK_HEADER = YES;
				CLANG_WARN_RANGE_LOOP_ANALYSIS = YES;
				CLANG_WARN_STRICT_PROTOTYPES = YES;
				CLANG_WARN_SUSPICIOUS_MOVE = YES;
				CLANG_WARN_UNGUARDED_AVAILABILITY = YES_AGGRESSIVE;
				CLANG_WARN_UNREACHABLE_CODE = YES;
				CLANG_WARN__DUPLICATE_METHOD_MATCH = YES;
				COPY_PHASE_STRIP = NO;
				DEBUG_INFORMATION_FORMAT = "dwarf-with-dsym";
				ENABLE_NS_ASSERTIONS = NO;
				ENABLE_STRICT_OBJC_MSGSEND = YES;
				GCC_C_LANGUAGE_STANDARD = gnu11;
				GCC_NO_COMMON_BLOCKS = YES;
				GCC_WARN_64_TO_32_BIT_CONVERSION = YES;
				GCC_WARN_ABOUT_RETURN_TYPE = YES_ERROR;
				GCC_WARN_UNDECLARED_SELECTOR = YES;
				GCC_WARN_UNINITIALIZED_AUTOS = YES_AGGRESSIVE;
				GCC_WARN_UNUSED_FUNCTION = YES;
				GCC_WARN_UNUSED_VARIABLE = YES;
				IPHONEOS_DEPLOYMENT_TARGET = 14.5;
				MTL_ENABLE_DEBUG_INFO = NO;
				MTL_FAST_MATH = YES;
				SDKROOT = iphoneos;
				SWIFT_COMPILATION_MODE = wholemodule;
				SWIFT_OPTIMIZATION_LEVEL = "-O";
				VALIDATE_PRODUCT = YES;
			};
			name = Release;
		};
		16953BD426B045FD00B5C715 /* Debug */ = {
			isa = XCBuildConfiguration;
			buildSettings = {
				ASSETCATALOG_COMPILER_APPICON_NAME = AppIcon;
				ASSETCATALOG_COMPILER_GLOBAL_ACCENT_COLOR_NAME = AccentColor;
				CODE_SIGN_STYLE = Automatic;
				DEVELOPMENT_TEAM = KSCMH866UD;
				INFOPLIST_FILE = CoreDataQuickStart/Info.plist;
				LD_RUNPATH_SEARCH_PATHS = (
					"$(inherited)",
					"@executable_path/Frameworks",
				);
				PRODUCT_BUNDLE_IDENTIFIER = aline.CoreDataQuickStart;
				PRODUCT_NAME = "$(TARGET_NAME)";
				SWIFT_VERSION = 5.0;
				TARGETED_DEVICE_FAMILY = "1,2";
			};
			name = Debug;
		};
		16953BD526B045FD00B5C715 /* Release */ = {
			isa = XCBuildConfiguration;
			buildSettings = {
				ASSETCATALOG_COMPILER_APPICON_NAME = AppIcon;
				ASSETCATALOG_COMPILER_GLOBAL_ACCENT_COLOR_NAME = AccentColor;
				CODE_SIGN_STYLE = Automatic;
				DEVELOPMENT_TEAM = KSCMH866UD;
				INFOPLIST_FILE = CoreDataQuickStart/Info.plist;
				LD_RUNPATH_SEARCH_PATHS = (
					"$(inherited)",
					"@executable_path/Frameworks",
				);
				PRODUCT_BUNDLE_IDENTIFIER = aline.CoreDataQuickStart;
				PRODUCT_NAME = "$(TARGET_NAME)";
				SWIFT_VERSION = 5.0;
				TARGETED_DEVICE_FAMILY = "1,2";
			};
			name = Release;
		};
/* End XCBuildConfiguration section */

/* Begin XCConfigurationList section */
		16953BB726B045FC00B5C715 /* Build configuration list for PBXProject "CoreDataQuickStart" */ = {
			isa = XCConfigurationList;
			buildConfigurations = (
				16953BD126B045FD00B5C715 /* Debug */,
				16953BD226B045FD00B5C715 /* Release */,
			);
			defaultConfigurationIsVisible = 0;
			defaultConfigurationName = Release;
		};
		16953BD326B045FD00B5C715 /* Build configuration list for PBXNativeTarget "CoreDataQuickStart" */ = {
			isa = XCConfigurationList;
			buildConfigurations = (
				16953BD426B045FD00B5C715 /* Debug */,
				16953BD526B045FD00B5C715 /* Release */,
			);
			defaultConfigurationIsVisible = 0;
			defaultConfigurationName = Release;
		};
/* End XCConfigurationList section */

/* Begin XCVersionGroup section */
		16953BC826B045FC00B5C715 /* CoreDataQuickStart.xcdatamodeld */ = {
			isa = XCVersionGroup;
			children = (
				16953BC926B045FC00B5C715 /* CoreDataQuickStart.xcdatamodel */,
			);
			currentVersion = 16953BC926B045FC00B5C715 /* CoreDataQuickStart.xcdatamodel */;
			path = CoreDataQuickStart.xcdatamodeld;
			sourceTree = "<group>";
			versionGroupType = wrapper.xcdatamodel;
		};
/* End XCVersionGroup section */
	};
	rootObject = 16953BB426B045FC00B5C715 /* Project object */;
}
